
Microsoft Visual Studio Solution File, Format Version 12.00
# Visual Studio Version 16
VisualStudioVersion = 16.0.29905.134
MinimumVisualStudioVersion = 10.0.40219.1
Project("{FAE04EC0-301F-11D3-BF4B-00C04F79EFBC}") = "Notify", "Notify\Notify.csproj", "{7F2B97B4-C68E-459B-838C-35707BFAA6EE}"
EndProject
Project("{2150E333-8FDC-42A3-9474-1A3956D46DE8}") = "Solution Items", "Solution Items", "{80EC9FD3-ECCE-4DB1-84B6-47536812CE78}"
	ProjectSection(SolutionItems) = preProject
		notes.txt = notes.txt
	EndProjectSection
EndProject
Global
	GlobalSection(SolutionConfigurationPlatforms) = preSolution
		Debug|Any CPU = Debug|Any CPU
		Release|Any CPU = Release|Any CPU
	EndGlobalSection
	GlobalSection(ProjectConfigurationPlatforms) = postSolution
		{7F2B97B4-C68E-459B-838C-35707BFAA6EE}.Debug|Any CPU.ActiveCfg = Debug|Any CPU
		{7F2B97B4-C68E-459B-838C-35707BFAA6EE}.Debug|Any CPU.Build.0 = Debug|Any CPU
		{7F2B97B4-C68E-459B-838C-35707BFAA6EE}.Release|Any CPU.ActiveCfg = Release|Any CPU
		{7F2B97B4-C68E-459B-838C-35707BFAA6EE}.Release|Any CPU.Build.0 = Release|Any CPU
	EndGlobalSection
	GlobalSection(SolutionProperties) = preSolution
		HideSolutionNode = FALSE
	EndGlobalSection
	GlobalSection(ExtensibilityGlobals) = postSolution
		SolutionGuid = {7212E21D-6710-4745-AD5B-F6FA6C44DA19}
	EndGlobalSection
EndGlobal
